
Microsoft Visual Studio Solution File, Format Version 12.00
# Visual Studio Version 16
VisualStudioVersion = 16.0.30225.117
MinimumVisualStudioVersion = 10.0.40219.1
Project("{FAE04EC0-301F-11D3-BF4B-00C04F79EFBC}") = "SalesWebMvc", "SalesWebMvc\SalesWebMvc.csproj", "{662D8820-349C-49AA-A75B-5796EDDA34A6}"
EndProject
Global
	GlobalSection(SolutionConfigurationPlatforms) = preSolution
		Debug|Any CPU = Debug|Any CPU
		Release|Any CPU = Release|Any CPU
	EndGlobalSection
	GlobalSection(ProjectConfigurationPlatforms) = postSolution
		{662D8820-349C-49AA-A75B-5796EDDA34A6}.Debug|Any CPU.ActiveCfg = Debug|Any CPU
		{662D8820-349C-49AA-A75B-5796EDDA34A6}.Debug|Any CPU.Build.0 = Debug|Any CPU
		{662D8820-349C-49AA-A75B-5796EDDA34A6}.Release|Any CPU.ActiveCfg = Release|Any CPU
		{662D8820-349C-49AA-A75B-5796EDDA34A6}.Release|Any CPU.Build.0 = Release|Any CPU
	EndGlobalSection
	GlobalSection(SolutionProperties) = preSolution
		HideSolutionNode = FALSE
	EndGlobalSection
	GlobalSection(ExtensibilityGlobals) = postSolution
		SolutionGuid = {FD6701E8-C6DB-4DEA-9AC4-825723BD2E5F}
	EndGlobalSection
EndGlobal
